
Microsoft Visual Studio Solution File, Format Version 12.00
# Visual Studio Version 17
VisualStudioVersion = 17.14.36121.58
MinimumVisualStudioVersion = 10.0.40219.1
Project("{FAE04EC0-301F-11D3-BF4B-00C04F79EFBC}") = "Ej1", "Ej1\Ej1.csproj", "{B8BE742D-8CC5-4476-BF97-ECF46E295811}"
EndProject
Project("{FAE04EC0-301F-11D3-BF4B-00C04F79EFBC}") = "Ej1.2", "Ej2\Ej1.2.csproj", "{28E572DA-842C-4F73-BDA4-D23B989C877E}"
EndProject
Project("{FAE04EC0-301F-11D3-BF4B-00C04F79EFBC}") = "Ej1.3", "Ej3\Ej1.3.csproj", "{4B5AE104-5A02-4070-99CB-C0133D3FBBDB}"
EndProject
Project("{FAE04EC0-301F-11D3-BF4B-00C04F79EFBC}") = "Ej 2.1", "2.1\Ej 2.1.csproj", "{AC1FA991-995B-410D-9221-3D5D7477D7C8}"
EndProject
Project("{FAE04EC0-301F-11D3-BF4B-00C04F79EFBC}") = "EJ 2.2", "EJ 2.2\EJ 2.2.csproj", "{C1912BD5-B3BA-41FE-8E8F-FAC5B106CF44}"
EndProject
Global
	GlobalSection(SolutionConfigurationPlatforms) = preSolution
		Debug|Any CPU = Debug|Any CPU
		Release|Any CPU = Release|Any CPU
	EndGlobalSection
	GlobalSection(ProjectConfigurationPlatforms) = postSolution
		{B8BE742D-8CC5-4476-BF97-ECF46E295811}.Debug|Any CPU.ActiveCfg = Debug|Any CPU
		{B8BE742D-8CC5-4476-BF97-ECF46E295811}.Debug|Any CPU.Build.0 = Debug|Any CPU
		{B8BE742D-8CC5-4476-BF97-ECF46E295811}.Release|Any CPU.ActiveCfg = Release|Any CPU
		{B8BE742D-8CC5-4476-BF97-ECF46E295811}.Release|Any CPU.Build.0 = Release|Any CPU
		{28E572DA-842C-4F73-BDA4-D23B989C877E}.Debug|Any CPU.ActiveCfg = Debug|Any CPU
		{28E572DA-842C-4F73-BDA4-D23B989C877E}.Debug|Any CPU.Build.0 = Debug|Any CPU
		{28E572DA-842C-4F73-BDA4-D23B989C877E}.Release|Any CPU.ActiveCfg = Release|Any CPU
		{28E572DA-842C-4F73-BDA4-D23B989C877E}.Release|Any CPU.Build.0 = Release|Any CPU
		{4B5AE104-5A02-4070-99CB-C0133D3FBBDB}.Debug|Any CPU.ActiveCfg = Debug|Any CPU
		{4B5AE104-5A02-4070-99CB-C0133D3FBBDB}.Debug|Any CPU.Build.0 = Debug|Any CPU
		{4B5AE104-5A02-4070-99CB-C0133D3FBBDB}.Release|Any CPU.ActiveCfg = Release|Any CPU
		{4B5AE104-5A02-4070-99CB-C0133D3FBBDB}.Release|Any CPU.Build.0 = Release|Any CPU
		{AC1FA991-995B-410D-9221-3D5D7477D7C8}.Debug|Any CPU.ActiveCfg = Debug|Any CPU
		{AC1FA991-995B-410D-9221-3D5D7477D7C8}.Debug|Any CPU.Build.0 = Debug|Any CPU
		{AC1FA991-995B-410D-9221-3D5D7477D7C8}.Release|Any CPU.ActiveCfg = Release|Any CPU
		{AC1FA991-995B-410D-9221-3D5D7477D7C8}.Release|Any CPU.Build.0 = Release|Any CPU
		{C1912BD5-B3BA-41FE-8E8F-FAC5B106CF44}.Debug|Any CPU.ActiveCfg = Debug|Any CPU
		{C1912BD5-B3BA-41FE-8E8F-FAC5B106CF44}.Debug|Any CPU.Build.0 = Debug|Any CPU
		{C1912BD5-B3BA-41FE-8E8F-FAC5B106CF44}.Release|Any CPU.ActiveCfg = Release|Any CPU
		{C1912BD5-B3BA-41FE-8E8F-FAC5B106CF44}.Release|Any CPU.Build.0 = Release|Any CPU
	EndGlobalSection
	GlobalSection(SolutionProperties) = preSolution
		HideSolutionNode = FALSE
	EndGlobalSection
	GlobalSection(ExtensibilityGlobals) = postSolution
		SolutionGuid = {D1F6EA97-8F36-4F9B-A0EA-F5FCBDA6AEE7}
	EndGlobalSection
EndGlobal
